%{"earmark": {:hex, :earmark, "1.2.2", "f718159d6b65068e8daeef709ccddae5f7fdc770707d82e7d126f584cd925b74", [:mix], [], "hexpm"},
  "json": {:hex, :json, "1.0.0", "4824dadb01e14395f65e9d18da294d534326d7eed77996f3c22f74a9870179eb", [:mix], [{:earmark, ">= 0.0.0", [hex: :earmark, repo: "hexpm", optional: false]}], "hexpm"},
  "socket": {:hex, :socket, "0.3.11", "46004230045c2207c0b90adb9abe3ba15a83e634b341ac37af39a4adf48ed00b", [:mix], [], "hexpm"}}
